
Microsoft Visual Studio Solution File, Format Version 12.00
# Visual Studio Version 17
VisualStudioVersion = 17.11.35219.272
MinimumVisualStudioVersion = 10.0.40219.1
Project("{F184B08F-C81C-45F6-A57F-5ABD9991F28F}") = "Calculadora", "Calculadora\Calculadora.vbproj", "{C3C77ACB-34CE-46E0-B413-35FC12618A8C}"
EndProject
Global
	GlobalSection(SolutionConfigurationPlatforms) = preSolution
		Debug|Any CPU = Debug|Any CPU
		Release|Any CPU = Release|Any CPU
	EndGlobalSection
	GlobalSection(ProjectConfigurationPlatforms) = postSolution
		{C3C77ACB-34CE-46E0-B413-35FC12618A8C}.Debug|Any CPU.ActiveCfg = Debug|Any CPU
		{C3C77ACB-34CE-46E0-B413-35FC12618A8C}.Debug|Any CPU.Build.0 = Debug|Any CPU
		{C3C77ACB-34CE-46E0-B413-35FC12618A8C}.Release|Any CPU.ActiveCfg = Release|Any CPU
		{C3C77ACB-34CE-46E0-B413-35FC12618A8C}.Release|Any CPU.Build.0 = Release|Any CPU
	EndGlobalSection
	GlobalSection(SolutionProperties) = preSolution
		HideSolutionNode = FALSE
	EndGlobalSection
	GlobalSection(ExtensibilityGlobals) = postSolution
		SolutionGuid = {B4F0554D-B33A-466A-A9E7-7356D1B8CD3A}
	EndGlobalSection
EndGlobal
